
Microsoft Visual Studio Solution File, Format Version 12.00
# Visual Studio Version 16
VisualStudioVersion = 16.0.30204.135
MinimumVisualStudioVersion = 10.0.40219.1
Project("{FAE04EC0-301F-11D3-BF4B-00C04F79EFBC}") = "ScreenSaver", "ScreenSaver\ScreenSaver.csproj", "{DED0CF35-3B63-4400-B5F5-8243E65BEDE9}"
EndProject
Global
	GlobalSection(SolutionConfigurationPlatforms) = preSolution
		Debug|Any CPU = Debug|Any CPU
		Release|Any CPU = Release|Any CPU
	EndGlobalSection
	GlobalSection(ProjectConfigurationPlatforms) = postSolution
		{DED0CF35-3B63-4400-B5F5-8243E65BEDE9}.Debug|Any CPU.ActiveCfg = Debug|Any CPU
		{DED0CF35-3B63-4400-B5F5-8243E65BEDE9}.Debug|Any CPU.Build.0 = Debug|Any CPU
		{DED0CF35-3B63-4400-B5F5-8243E65BEDE9}.Release|Any CPU.ActiveCfg = Release|Any CPU
		{DED0CF35-3B63-4400-B5F5-8243E65BEDE9}.Release|Any CPU.Build.0 = Release|Any CPU
	EndGlobalSection
	GlobalSection(SolutionProperties) = preSolution
		HideSolutionNode = FALSE
	EndGlobalSection
	GlobalSection(ExtensibilityGlobals) = postSolution
		SolutionGuid = {F7257F54-DC75-4057-BFCE-1619A33ED731}
	EndGlobalSection
EndGlobal
